{
  "name": "site_bons_frutos",
  "version": "0.1.0",
  "lockfileVersion": 1,
  "requires": true,
  "dependencies": {
    "bootstrap-xxl": {
      "version": "4.1.1",
      "resolved": "https://registry.npmjs.org/bootstrap-xxl/-/bootstrap-xxl-4.1.1.tgz",
      "integrity": "sha512-N2Byr9A7cGQsQNKTCU9Dlq7tmpdOYvg4xDWnqtMOnzjf01DpgUBjrh9hLIkZwwM/CIxhBXL+Xr9yKzvh6SOkAA=="
    }
  }
}
